
Microsoft Visual Studio Solution File, Format Version 12.00
# Visual Studio Version 17
VisualStudioVersion = 17.7.34009.444
MinimumVisualStudioVersion = 10.0.40219.1
Project("{8BC9CEB8-8B4A-11D0-8D11-00A0C91BC942}") = "04_InputStringStream_01", "InputStringStream01\InputStringStream01.vcxproj", "{67BFC9D7-9833-4A39-95C0-E99ADF8E98BC}"
EndProject
Project("{8BC9CEB8-8B4A-11D0-8D11-00A0C91BC942}") = "03_Input_02", "03_Input_02\03_Input_02.vcxproj", "{9AC2B5C2-B225-4099-8742-F9F778233FA2}"
EndProject
Project("{8BC9CEB8-8B4A-11D0-8D11-00A0C91BC942}") = "04_InputStringStream_02", "04_InputStringStream_02\04_InputStringStream_02.vcxproj", "{CABB8503-5213-4E35-9B9D-FEB33EE1EC12}"
EndProject
Project("{8BC9CEB8-8B4A-11D0-8D11-00A0C91BC942}") = "05_OutputStringStream_01", "05_OutputStringStream_01\05_OutputStringStream_01.vcxproj", "{196CD186-7C70-400E-80BB-079D6D9351FE}"
EndProject
Project("{8BC9CEB8-8B4A-11D0-8D11-00A0C91BC942}") = "06_FileInput_02", "06_FileInput_02\06_FileInput_02.vcxproj", "{AF9D6FD3-75E1-4BAF-9C8D-E4608011CC0D}"
EndProject
Project("{8BC9CEB8-8B4A-11D0-8D11-00A0C91BC942}") = "07_Sizeof_01", "07_Sizeof_01\07_Sizeof_01.vcxproj", "{E0734F15-2CE8-4148-9EF8-0234E9D0966F}"
EndProject
Project("{8BC9CEB8-8B4A-11D0-8D11-00A0C91BC942}") = "08_string_01", "08_string_01\08_string_01.vcxproj", "{A10FADFB-133E-44B8-AA9E-55BA97AD0704}"
EndProject
Project("{8BC9CEB8-8B4A-11D0-8D11-00A0C91BC942}") = "02_Width", "02_Width\Width.vcxproj", "{FC475E3F-78FE-471B-891C-F283F795BD09}"
EndProject
Project("{8BC9CEB8-8B4A-11D0-8D11-00A0C91BC942}") = "01_Precision", "01_Precision\01_Precision.vcxproj", "{5BDFD1FC-72A7-4F70-B141-3D90CB9EA5E3}"
EndProject
Project("{8BC9CEB8-8B4A-11D0-8D11-00A0C91BC942}") = "03_Input_01", "03_Input_01\03_Input_01.vcxproj", "{1C540594-D93F-44A1-9DF4-D417120CA502}"
EndProject
Project("{8BC9CEB8-8B4A-11D0-8D11-00A0C91BC942}") = "06_FileInput_01", "06_FileInput_01\06_FileInput_01.vcxproj", "{2691F766-C440-4E0C-99D7-B48C7CB06938}"
EndProject
Global
	GlobalSection(SolutionConfigurationPlatforms) = preSolution
		Debug|x64 = Debug|x64
		Debug|x86 = Debug|x86
		Release|x64 = Release|x64
		Release|x86 = Release|x86
	EndGlobalSection
	GlobalSection(ProjectConfigurationPlatforms) = postSolution
		{67BFC9D7-9833-4A39-95C0-E99ADF8E98BC}.Debug|x64.ActiveCfg = Debug|x64
		{67BFC9D7-9833-4A39-95C0-E99ADF8E98BC}.Debug|x64.Build.0 = Debug|x64
		{67BFC9D7-9833-4A39-95C0-E99ADF8E98BC}.Debug|x86.ActiveCfg = Debug|Win32
		{67BFC9D7-9833-4A39-95C0-E99ADF8E98BC}.Debug|x86.Build.0 = Debug|Win32
		{67BFC9D7-9833-4A39-95C0-E99ADF8E98BC}.Release|x64.ActiveCfg = Release|x64
		{67BFC9D7-9833-4A39-95C0-E99ADF8E98BC}.Release|x64.Build.0 = Release|x64
		{67BFC9D7-9833-4A39-95C0-E99ADF8E98BC}.Release|x86.ActiveCfg = Release|Win32
		{67BFC9D7-9833-4A39-95C0-E99ADF8E98BC}.Release|x86.Build.0 = Release|Win32
		{9AC2B5C2-B225-4099-8742-F9F778233FA2}.Debug|x64.ActiveCfg = Debug|x64
		{9AC2B5C2-B225-4099-8742-F9F778233FA2}.Debug|x64.Build.0 = Debug|x64
		{9AC2B5C2-B225-4099-8742-F9F778233FA2}.Debug|x86.ActiveCfg = Debug|Win32
		{9AC2B5C2-B225-4099-8742-F9F778233FA2}.Debug|x86.Build.0 = Debug|Win32
		{9AC2B5C2-B225-4099-8742-F9F778233FA2}.Release|x64.ActiveCfg = Release|x64
		{9AC2B5C2-B225-4099-8742-F9F778233FA2}.Release|x64.Build.0 = Release|x64
		{9AC2B5C2-B225-4099-8742-F9F778233FA2}.Release|x86.ActiveCfg = Release|Win32
		{9AC2B5C2-B225-4099-8742-F9F778233FA2}.Release|x86.Build.0 = Release|Win32
		{CABB8503-5213-4E35-9B9D-FEB33EE1EC12}.Debug|x64.ActiveCfg = Debug|x64
		{CABB8503-5213-4E35-9B9D-FEB33EE1EC12}.Debug|x64.Build.0 = Debug|x64
		{CABB8503-5213-4E35-9B9D-FEB33EE1EC12}.Debug|x86.ActiveCfg = Debug|Win32
		{CABB8503-5213-4E35-9B9D-FEB33EE1EC12}.Debug|x86.Build.0 = Debug|Win32
		{CABB8503-5213-4E35-9B9D-FEB33EE1EC12}.Release|x64.ActiveCfg = Release|x64
		{CABB8503-5213-4E35-9B9D-FEB33EE1EC12}.Release|x64.Build.0 = Release|x64
		{CABB8503-5213-4E35-9B9D-FEB33EE1EC12}.Release|x86.ActiveCfg = Release|Win32
		{CABB8503-5213-4E35-9B9D-FEB33EE1EC12}.Release|x86.Build.0 = Release|Win32
		{196CD186-7C70-400E-80BB-079D6D9351FE}.Debug|x64.ActiveCfg = Debug|x64
		{196CD186-7C70-400E-80BB-079D6D9351FE}.Debug|x64.Build.0 = Debug|x64
		{196CD186-7C70-400E-80BB-079D6D9351FE}.Debug|x86.ActiveCfg = Debug|Win32
		{196CD186-7C70-400E-80BB-079D6D9351FE}.Debug|x86.Build.0 = Debug|Win32
		{196CD186-7C70-400E-80BB-079D6D9351FE}.Release|x64.ActiveCfg = Release|x64
		{196CD186-7C70-400E-80BB-079D6D9351FE}.Release|x64.Build.0 = Release|x64
		{196CD186-7C70-400E-80BB-079D6D9351FE}.Release|x86.ActiveCfg = Release|Win32
		{196CD186-7C70-400E-80BB-079D6D9351FE}.Release|x86.Build.0 = Release|Win32
		{AF9D6FD3-75E1-4BAF-9C8D-E4608011CC0D}.Debug|x64.ActiveCfg = Debug|x64
		{AF9D6FD3-75E1-4BAF-9C8D-E4608011CC0D}.Debug|x64.Build.0 = Debug|x64
		{AF9D6FD3-75E1-4BAF-9C8D-E4608011CC0D}.Debug|x86.ActiveCfg = Debug|Win32
		{AF9D6FD3-75E1-4BAF-9C8D-E4608011CC0D}.Debug|x86.Build.0 = Debug|Win32
		{AF9D6FD3-75E1-4BAF-9C8D-E4608011CC0D}.Release|x64.ActiveCfg = Release|x64
		{AF9D6FD3-75E1-4BAF-9C8D-E4608011CC0D}.Release|x64.Build.0 = Release|x64
		{AF9D6FD3-75E1-4BAF-9C8D-E4608011CC0D}.Release|x86.ActiveCfg = Release|Win32
		{AF9D6FD3-75E1-4BAF-9C8D-E4608011CC0D}.Release|x86.Build.0 = Release|Win32
		{E0734F15-2CE8-4148-9EF8-0234E9D0966F}.Debug|x64.ActiveCfg = Debug|x64
		{E0734F15-2CE8-4148-9EF8-0234E9D0966F}.Debug|x64.Build.0 = Debug|x64
		{E0734F15-2CE8-4148-9EF8-0234E9D0966F}.Debug|x86.ActiveCfg = Debug|Win32
		{E0734F15-2CE8-4148-9EF8-0234E9D0966F}.Debug|x86.Build.0 = Debug|Win32
		{E0734F15-2CE8-4148-9EF8-0234E9D0966F}.Release|x64.ActiveCfg = Release|x64
		{E0734F15-2CE8-4148-9EF8-0234E9D0966F}.Release|x64.Build.0 = Release|x64
		{E0734F15-2CE8-4148-9EF8-0234E9D0966F}.Release|x86.ActiveCfg = Release|Win32
		{E0734F15-2CE8-4148-9EF8-0234E9D0966F}.Release|x86.Build.0 = Release|Win32
		{A10FADFB-133E-44B8-AA9E-55BA97AD0704}.Debug|x64.ActiveCfg = Debug|x64
		{A10FADFB-133E-44B8-AA9E-55BA97AD0704}.Debug|x64.Build.0 = Debug|x64
		{A10FADFB-133E-44B8-AA9E-55BA97AD0704}.Debug|x86.ActiveCfg = Debug|Win32
		{A10FADFB-133E-44B8-AA9E-55BA97AD0704}.Debug|x86.Build.0 = Debug|Win32
		{A10FADFB-133E-44B8-AA9E-55BA97AD0704}.Release|x64.ActiveCfg = Release|x64
		{A10FADFB-133E-44B8-AA9E-55BA97AD0704}.Release|x64.Build.0 = Release|x64
		{A10FADFB-133E-44B8-AA9E-55BA97AD0704}.Release|x86.ActiveCfg = Release|Win32
		{A10FADFB-133E-44B8-AA9E-55BA97AD0704}.Release|x86.Build.0 = Release|Win32
		{FC475E3F-78FE-471B-891C-F283F795BD09}.Debug|x64.ActiveCfg = Debug|x64
		{FC475E3F-78FE-471B-891C-F283F795BD09}.Debug|x64.Build.0 = Debug|x64
		{FC475E3F-78FE-471B-891C-F283F795BD09}.Debug|x86.ActiveCfg = Debug|Win32
		{FC475E3F-78FE-471B-891C-F283F795BD09}.Debug|x86.Build.0 = Debug|Win32
		{FC475E3F-78FE-471B-891C-F283F795BD09}.Release|x64.ActiveCfg = Release|x64
		{FC475E3F-78FE-471B-891C-F283F795BD09}.Release|x64.Build.0 = Release|x64
		{FC475E3F-78FE-471B-891C-F283F795BD09}.Release|x86.ActiveCfg = Release|Win32
		{FC475E3F-78FE-471B-891C-F283F795BD09}.Release|x86.Build.0 = Release|Win32
		{5BDFD1FC-72A7-4F70-B141-3D90CB9EA5E3}.Debug|x64.ActiveCfg = Debug|x64
		{5BDFD1FC-72A7-4F70-B141-3D90CB9EA5E3}.Debug|x64.Build.0 = Debug|x64
		{5BDFD1FC-72A7-4F70-B141-3D90CB9EA5E3}.Debug|x86.ActiveCfg = Debug|Win32
		{5BDFD1FC-72A7-4F70-B141-3D90CB9EA5E3}.Debug|x86.Build.0 = Debug|Win32
		{5BDFD1FC-72A7-4F70-B141-3D90CB9EA5E3}.Release|x64.ActiveCfg = Release|x64
		{5BDFD1FC-72A7-4F70-B141-3D90CB9EA5E3}.Release|x64.Build.0 = Release|x64
		{5BDFD1FC-72A7-4F70-B141-3D90CB9EA5E3}.Release|x86.ActiveCfg = Release|Win32
		{5BDFD1FC-72A7-4F70-B141-3D90CB9EA5E3}.Release|x86.Build.0 = Release|Win32
		{1C540594-D93F-44A1-9DF4-D417120CA502}.Debug|x64.ActiveCfg = Debug|x64
		{1C540594-D93F-44A1-9DF4-D417120CA502}.Debug|x64.Build.0 = Debug|x64
		{1C540594-D93F-44A1-9DF4-D417120CA502}.Debug|x86.ActiveCfg = Debug|Win32
		{1C540594-D93F-44A1-9DF4-D417120CA502}.Debug|x86.Build.0 = Debug|Win32
		{1C540594-D93F-44A1-9DF4-D417120CA502}.Release|x64.ActiveCfg = Release|x64
		{1C540594-D93F-44A1-9DF4-D417120CA502}.Release|x64.Build.0 = Release|x64
		{1C540594-D93F-44A1-9DF4-D417120CA502}.Release|x86.ActiveCfg = Release|Win32
		{1C540594-D93F-44A1-9DF4-D417120CA502}.Release|x86.Build.0 = Release|Win32
		{2691F766-C440-4E0C-99D7-B48C7CB06938}.Debug|x64.ActiveCfg = Debug|x64
		{2691F766-C440-4E0C-99D7-B48C7CB06938}.Debug|x64.Build.0 = Debug|x64
		{2691F766-C440-4E0C-99D7-B48C7CB06938}.Debug|x86.ActiveCfg = Debug|Win32
		{2691F766-C440-4E0C-99D7-B48C7CB06938}.Debug|x86.Build.0 = Debug|Win32
		{2691F766-C440-4E0C-99D7-B48C7CB06938}.Release|x64.ActiveCfg = Release|x64
		{2691F766-C440-4E0C-99D7-B48C7CB06938}.Release|x64.Build.0 = Release|x64
		{2691F766-C440-4E0C-99D7-B48C7CB06938}.Release|x86.ActiveCfg = Release|Win32
		{2691F766-C440-4E0C-99D7-B48C7CB06938}.Release|x86.Build.0 = Release|Win32
	EndGlobalSection
	GlobalSection(SolutionProperties) = preSolution
		HideSolutionNode = FALSE
	EndGlobalSection
	GlobalSection(ExtensibilityGlobals) = postSolution
		SolutionGuid = {0FC5115D-3044-47B8-9546-7BC85543DE07}
	EndGlobalSection
EndGlobal
